
Microsoft Visual Studio Solution File, Format Version 12.00
# Visual Studio Version 17
VisualStudioVersion = 17.3.32901.215
MinimumVisualStudioVersion = 10.0.40219.1
Project("{FAE04EC0-301F-11D3-BF4B-00C04F79EFBC}") = "Matriz5x5", "Matriz5x5\Matriz5x5.csproj", "{FACD1133-4FA2-4AA9-ADAC-EA0595A46CF1}"
EndProject
Global
	GlobalSection(SolutionConfigurationPlatforms) = preSolution
		Debug|Any CPU = Debug|Any CPU
		Release|Any CPU = Release|Any CPU
	EndGlobalSection
	GlobalSection(ProjectConfigurationPlatforms) = postSolution
		{FACD1133-4FA2-4AA9-ADAC-EA0595A46CF1}.Debug|Any CPU.ActiveCfg = Debug|Any CPU
		{FACD1133-4FA2-4AA9-ADAC-EA0595A46CF1}.Debug|Any CPU.Build.0 = Debug|Any CPU
		{FACD1133-4FA2-4AA9-ADAC-EA0595A46CF1}.Release|Any CPU.ActiveCfg = Release|Any CPU
		{FACD1133-4FA2-4AA9-ADAC-EA0595A46CF1}.Release|Any CPU.Build.0 = Release|Any CPU
	EndGlobalSection
	GlobalSection(SolutionProperties) = preSolution
		HideSolutionNode = FALSE
	EndGlobalSection
	GlobalSection(ExtensibilityGlobals) = postSolution
		SolutionGuid = {B5E3C0C2-0F70-4648-8FB8-444DD43AF608}
	EndGlobalSection
EndGlobal
